
Microsoft Visual Studio Solution File, Format Version 12.00
# Visual Studio Version 17
VisualStudioVersion = 17.9.34416.32
MinimumVisualStudioVersion = 10.0.40219.1
Project("{FAE04EC0-301F-11D3-BF4B-00C04F79EFBC}") = "Anc60_Razor_ind", "Anc60_Razor_ind\Anc60_Razor_ind.csproj", "{81656F1D-C78C-47FC-A50F-99CE5D613B44}"
EndProject
Global
	GlobalSection(SolutionConfigurationPlatforms) = preSolution
		Debug|Any CPU = Debug|Any CPU
		Release|Any CPU = Release|Any CPU
	EndGlobalSection
	GlobalSection(ProjectConfigurationPlatforms) = postSolution
		{81656F1D-C78C-47FC-A50F-99CE5D613B44}.Debug|Any CPU.ActiveCfg = Debug|Any CPU
		{81656F1D-C78C-47FC-A50F-99CE5D613B44}.Debug|Any CPU.Build.0 = Debug|Any CPU
		{81656F1D-C78C-47FC-A50F-99CE5D613B44}.Release|Any CPU.ActiveCfg = Release|Any CPU
		{81656F1D-C78C-47FC-A50F-99CE5D613B44}.Release|Any CPU.Build.0 = Release|Any CPU
	EndGlobalSection
	GlobalSection(SolutionProperties) = preSolution
		HideSolutionNode = FALSE
	EndGlobalSection
	GlobalSection(ExtensibilityGlobals) = postSolution
		SolutionGuid = {9E5F2795-C63D-4BC8-BF0E-802DAA760DEC}
	EndGlobalSection
EndGlobal
